<?xml version="1.0" encoding="utf-8"?>
<Project ToolsVersion="4.0" xmlns="http://schemas.microsoft.com/developer/msbuild/2003">
  <ItemGroup>
    <Filter Include="소스 파일">
      <UniqueIdentifier>{4FC737F1-C7A5-4376-A066-2A32D752A2FF}</UniqueIdentifier>
      <Extensions>cpp;c;cc;cxx;c++;cppm;ixx;def;odl;idl;hpj;bat;asm;asmx</Extensions>
    </Filter>
    <Filter Include="헤더 파일">
      <UniqueIdentifier>{93995380-89BD-4b04-88EB-625FBE52EBFB}</UniqueIdentifier>
      <Extensions>h;hh;hpp;hxx;h++;hm;inl;inc;ipp;xsd</Extensions>
    </Filter>
    <Filter Include="리소스 파일">
      <UniqueIdentifier>{67DA6AB6-F800-4c08-8B7A-83BB121AAD01}</UniqueIdentifier>
      <Extensions>rc;ico;cur;bmp;dlg;rc2;rct;bin;rgs;gif;jpg;jpeg;jpe;resx;tiff;tif;png;wav;mfcribbon-ms</Extensions>
    </Filter>
  </ItemGroup>
  <ItemGroup>
    <ClCompile Include="main.cpp">
      <Filter>소스 파일</Filter>
    </ClCompile>
    <ClCompile Include="collision.cpp">
      <Filter>소스 파일</Filter>
    </ClCompile>
    <ClCompile Include="vector.cpp">
      <Filter>소스 파일</Filter>
    </ClCompile>
    <ClCompile Include="update.cpp">
      <Filter>소스 파일</Filter>
    </ClCompile>
    <ClCompile Include="entityInfo.cpp">
      <Filter>소스 파일</Filter>
    </ClCompile>
  </ItemGroup>
  <ItemGroup>
    <ClInclude Include="collision.h">
      <Filter>헤더 파일</Filter>
    </ClInclude>
    <ClInclude Include="vector.h">
      <Filter>헤더 파일</Filter>
    </ClInclude>
    <ClInclude Include="entityInfo.h">
      <Filter>헤더 파일</Filter>
    </ClInclude>
    <ClInclude Include="update.h">
      <Filter>헤더 파일</Filter>
    </ClInclude>
    <ClInclude Include="main.h">
      <Filter>헤더 파일</Filter>
    </ClInclude>
    <ClInclude Include="resource.h">
      <Filter>헤더 파일</Filter>
    </ClInclude>
  </ItemGroup>
  <ItemGroup>
    <Image Include="assets\cloud.png">
      <Filter>리소스 파일</Filter>
    </Image>
    <Image Include="assets\enemy.png">
      <Filter>리소스 파일</Filter>
    </Image>
    <Image Include="assets\enemy_weapon.png">
      <Filter>리소스 파일</Filter>
    </Image>
    <Image Include="assets\User.png">
      <Filter>리소스 파일</Filter>
    </Image>
    <Image Include="assets\weapon.png">
      <Filter>리소스 파일</Filter>
    </Image>
    <Image Include="assets\backGroundFinal.png">
      <Filter>리소스 파일</Filter>
    </Image>
    <Image Include="assets\mainBackground.png">
      <Filter>리소스 파일</Filter>
    </Image>
  </ItemGroup>
  <ItemGroup>
    <None Include="assets\background.tiled-project">
      <Filter>리소스 파일</Filter>
    </None>
    <None Include="assets\background.tiled-session">
      <Filter>리소스 파일</Filter>
    </None>
    <None Include="assets\backgroundMap.tmx">
      <Filter>리소스 파일</Filter>
    </None>
    <None Include="assets\tileset.tsx">
      <Filter>리소스 파일</Filter>
    </None>
  </ItemGroup>
  <ItemGroup>
    <Font Include="font\NeoDunggeunmoPro-Regular.ttf">
      <Filter>리소스 파일</Filter>
    </Font>
  </ItemGroup>
  <ItemGroup>
    <Text Include="score\highScore.txt">
      <Filter>리소스 파일</Filter>
    </Text>
  </ItemGroup>
</Project>